// !$*UTF8*$!
{
	archiveVersion = 1;
	classes = {
	};
	objectVersion = 51;
	objects = {

/* Begin PBXBuildFile section */
		7AFA0318F3EABA4646ACBB4B /* Pods_Apply_Stefanini_RaizenTests.framework in Frameworks */ = {isa = PBXBuildFile; fileRef = 62DB3AAADD26EACD114DEA91 /* Pods_Apply_Stefanini_RaizenTests.framework */; };
		9383E56DDF484097DE2E6963 /* Pods_Apply_Stefanini_Raizen.framework in Frameworks */ = {isa = PBXBuildFile; fileRef = 6C5FF58F191B737662FC9A4D /* Pods_Apply_Stefanini_Raizen.framework */; };
		B925493E261D3A6900B4349F /* ImagesRepository.swift in Sources */ = {isa = PBXBuildFile; fileRef = B925493D261D3A6900B4349F /* ImagesRepository.swift */; };
		B932A48F261D46B100ED8055 /* ImageView.swift in Sources */ = {isa = PBXBuildFile; fileRef = B932A48E261D46B100ED8055 /* ImageView.swift */; };
		B932A496261D50BA00ED8055 /* DetailsImageView.swift in Sources */ = {isa = PBXBuildFile; fileRef = B932A495261D50BA00ED8055 /* DetailsImageView.swift */; };
		B96F6366261D1DE100E845BF /* FetchingData.swift in Sources */ = {isa = PBXBuildFile; fileRef = B96F6365261D1DE100E845BF /* FetchingData.swift */; };
		B99E1475261D34800098B740 /* Image.swift in Sources */ = {isa = PBXBuildFile; fileRef = B99E1474261D34800098B740 /* Image.swift */; };
		B9BAF064261CE0FA005CE25B /* AppDelegate.swift in Sources */ = {isa = PBXBuildFile; fileRef = B9BAF063261CE0FA005CE25B /* AppDelegate.swift */; };
		B9BAF066261CE0FA005CE25B /* SceneDelegate.swift in Sources */ = {isa = PBXBuildFile; fileRef = B9BAF065261CE0FA005CE25B /* SceneDelegate.swift */; };
		B9BAF068261CE0FA005CE25B /* ContentView.swift in Sources */ = {isa = PBXBuildFile; fileRef = B9BAF067261CE0FA005CE25B /* ContentView.swift */; };
		B9BAF06A261CE0FF005CE25B /* Assets.xcassets in Resources */ = {isa = PBXBuildFile; fileRef = B9BAF069261CE0FF005CE25B /* Assets.xcassets */; };
		B9BAF06D261CE0FF005CE25B /* Preview Assets.xcassets in Resources */ = {isa = PBXBuildFile; fileRef = B9BAF06C261CE0FF005CE25B /* Preview Assets.xcassets */; };
		B9BAF070261CE0FF005CE25B /* LaunchScreen.storyboard in Resources */ = {isa = PBXBuildFile; fileRef = B9BAF06E261CE0FF005CE25B /* LaunchScreen.storyboard */; };
		B9BAF07B261CE0FF005CE25B /* Apply_Stefanini_RaizenTests.swift in Sources */ = {isa = PBXBuildFile; fileRef = B9BAF07A261CE0FF005CE25B /* Apply_Stefanini_RaizenTests.swift */; };
		B9F80D6E261D2CF100DED958 /* PostsData.swift in Sources */ = {isa = PBXBuildFile; fileRef = B9F80D6D261D2CF100DED958 /* PostsData.swift */; };
/* End PBXBuildFile section */

/* Begin PBXContainerItemProxy section */
		B9BAF077261CE0FF005CE25B /* PBXContainerItemProxy */ = {
			isa = PBXContainerItemProxy;
			containerPortal = B9BAF058261CE0FA005CE25B /* Project object */;
			proxyType = 1;
			remoteGlobalIDString = B9BAF05F261CE0FA005CE25B;
			remoteInfo = "Apply-Stefanini_Raizen";
		};
/* End PBXContainerItemProxy section */

/* Begin PBXFileReference section */
		04CA4360826DA6E2D46FFD7D /* Pods-Apply-Stefanini_Raizen-Apply-Stefanini_RaizenUITests.release.xcconfig */ = {isa = PBXFileReference; includeInIndex = 1; lastKnownFileType = text.xcconfig; name = "Pods-Apply-Stefanini_Raizen-Apply-Stefanini_RaizenUITests.release.xcconfig"; path = "Target Support Files/Pods-Apply-Stefanini_Raizen-Apply-Stefanini_RaizenUITests/Pods-Apply-Stefanini_Raizen-Apply-Stefanini_RaizenUITests.release.xcconfig"; sourceTree = "<group>"; };
		1724388EEA5E81710AFAE941 /* Pods-Apply-Stefanini_Raizen-Apply-Stefanini_RaizenUITests.debug.xcconfig */ = {isa = PBXFileReference; includeInIndex = 1; lastKnownFileType = text.xcconfig; name = "Pods-Apply-Stefanini_Raizen-Apply-Stefanini_RaizenUITests.debug.xcconfig"; path = "Target Support Files/Pods-Apply-Stefanini_Raizen-Apply-Stefanini_RaizenUITests/Pods-Apply-Stefanini_Raizen-Apply-Stefanini_RaizenUITests.debug.xcconfig"; sourceTree = "<group>"; };
		491FFFCD2E149B8C5F288084 /* Pods-Apply-Stefanini_Raizen.debug.xcconfig */ = {isa = PBXFileReference; includeInIndex = 1; lastKnownFileType = text.xcconfig; name = "Pods-Apply-Stefanini_Raizen.debug.xcconfig"; path = "Target Support Files/Pods-Apply-Stefanini_Raizen/Pods-Apply-Stefanini_Raizen.debug.xcconfig"; sourceTree = "<group>"; };
		55875CA14153D4310E535420 /* Pods-Apply-Stefanini_RaizenTests.release.xcconfig */ = {isa = PBXFileReference; includeInIndex = 1; lastKnownFileType = text.xcconfig; name = "Pods-Apply-Stefanini_RaizenTests.release.xcconfig"; path = "Target Support Files/Pods-Apply-Stefanini_RaizenTests/Pods-Apply-Stefanini_RaizenTests.release.xcconfig"; sourceTree = "<group>"; };
		62DB3AAADD26EACD114DEA91 /* Pods_Apply_Stefanini_RaizenTests.framework */ = {isa = PBXFileReference; explicitFileType = wrapper.framework; includeInIndex = 0; path = Pods_Apply_Stefanini_RaizenTests.framework; sourceTree = BUILT_PRODUCTS_DIR; };
		67C72EE5D0D70AA00041ABF7 /* Pods_Apply_Stefanini_Raizen_Apply_Stefanini_RaizenUITests.framework */ = {isa = PBXFileReference; explicitFileType = wrapper.framework; includeInIndex = 0; path = Pods_Apply_Stefanini_Raizen_Apply_Stefanini_RaizenUITests.framework; sourceTree = BUILT_PRODUCTS_DIR; };
		6C0DFAE35CE27B56DA08FAAF /* Pods-Apply-Stefanini_Raizen.release.xcconfig */ = {isa = PBXFileReference; includeInIndex = 1; lastKnownFileType = text.xcconfig; name = "Pods-Apply-Stefanini_Raizen.release.xcconfig"; path = "Target Support Files/Pods-Apply-Stefanini_Raizen/Pods-Apply-Stefanini_Raizen.release.xcconfig"; sourceTree = "<group>"; };
		6C5FF58F191B737662FC9A4D /* Pods_Apply_Stefanini_Raizen.framework */ = {isa = PBXFileReference; explicitFileType = wrapper.framework; includeInIndex = 0; path = Pods_Apply_Stefanini_Raizen.framework; sourceTree = BUILT_PRODUCTS_DIR; };
		B925493D261D3A6900B4349F /* ImagesRepository.swift */ = {isa = PBXFileReference; lastKnownFileType = sourcecode.swift; path = ImagesRepository.swift; sourceTree = "<group>"; };
		B932A48E261D46B100ED8055 /* ImageView.swift */ = {isa = PBXFileReference; lastKnownFileType = sourcecode.swift; path = ImageView.swift; sourceTree = "<group>"; };
		B932A495261D50BA00ED8055 /* DetailsImageView.swift */ = {isa = PBXFileReference; lastKnownFileType = sourcecode.swift; path = DetailsImageView.swift; sourceTree = "<group>"; };
		B96F6365261D1DE100E845BF /* FetchingData.swift */ = {isa = PBXFileReference; lastKnownFileType = sourcecode.swift; path = FetchingData.swift; sourceTree = "<group>"; };
		B99E1474261D34800098B740 /* Image.swift */ = {isa = PBXFileReference; lastKnownFileType = sourcecode.swift; path = Image.swift; sourceTree = "<group>"; };
		B9BAF060261CE0FA005CE25B /* Apply-Stefanini_Raizen.app */ = {isa = PBXFileReference; explicitFileType = wrapper.application; includeInIndex = 0; path = "Apply-Stefanini_Raizen.app"; sourceTree = BUILT_PRODUCTS_DIR; };
		B9BAF063261CE0FA005CE25B /* AppDelegate.swift */ = {isa = PBXFileReference; lastKnownFileType = sourcecode.swift; path = AppDelegate.swift; sourceTree = "<group>"; };
		B9BAF065261CE0FA005CE25B /* SceneDelegate.swift */ = {isa = PBXFileReference; lastKnownFileType = sourcecode.swift; path = SceneDelegate.swift; sourceTree = "<group>"; };
		B9BAF067261CE0FA005CE25B /* ContentView.swift */ = {isa = PBXFileReference; lastKnownFileType = sourcecode.swift; path = ContentView.swift; sourceTree = "<group>"; };
		B9BAF069261CE0FF005CE25B /* Assets.xcassets */ = {isa = PBXFileReference; lastKnownFileType = folder.assetcatalog; path = Assets.xcassets; sourceTree = "<group>"; };
		B9BAF06C261CE0FF005CE25B /* Preview Assets.xcassets */ = {isa = PBXFileReference; lastKnownFileType = folder.assetcatalog; path = "Preview Assets.xcassets"; sourceTree = "<group>"; };
		B9BAF06F261CE0FF005CE25B /* Base */ = {isa = PBXFileReference; lastKnownFileType = file.storyboard; name = Base; path = Base.lproj/LaunchScreen.storyboard; sourceTree = "<group>"; };
		B9BAF071261CE0FF005CE25B /* Info.plist */ = {isa = PBXFileReference; lastKnownFileType = text.plist.xml; path = Info.plist; sourceTree = "<group>"; };
		B9BAF076261CE0FF005CE25B /* Apply-Stefanini_RaizenTests.xctest */ = {isa = PBXFileReference; explicitFileType = wrapper.cfbundle; includeInIndex = 0; path = "Apply-Stefanini_RaizenTests.xctest"; sourceTree = BUILT_PRODUCTS_DIR; };
		B9BAF07A261CE0FF005CE25B /* Apply_Stefanini_RaizenTests.swift */ = {isa = PBXFileReference; lastKnownFileType = sourcecode.swift; path = Apply_Stefanini_RaizenTests.swift; sourceTree = "<group>"; };
		B9BAF07C261CE0FF005CE25B /* Info.plist */ = {isa = PBXFileReference; lastKnownFileType = text.plist.xml; path = Info.plist; sourceTree = "<group>"; };
		B9F80D6D261D2CF100DED958 /* PostsData.swift */ = {isa = PBXFileReference; lastKnownFileType = sourcecode.swift; path = PostsData.swift; sourceTree = "<group>"; };
		D46FFD73FD7BAAFBD5935C50 /* Pods-Apply-Stefanini_RaizenTests.debug.xcconfig */ = {isa = PBXFileReference; includeInIndex = 1; lastKnownFileType = text.xcconfig; name = "Pods-Apply-Stefanini_RaizenTests.debug.xcconfig"; path = "Target Support Files/Pods-Apply-Stefanini_RaizenTests/Pods-Apply-Stefanini_RaizenTests.debug.xcconfig"; sourceTree = "<group>"; };
/* End PBXFileReference section */

/* Begin PBXFrameworksBuildPhase section */
		B9BAF05D261CE0FA005CE25B /* Frameworks */ = {
			isa = PBXFrameworksBuildPhase;
			buildActionMask = 2147483647;
			files = (
				9383E56DDF484097DE2E6963 /* Pods_Apply_Stefanini_Raizen.framework in Frameworks */,
			);
			runOnlyForDeploymentPostprocessing = 0;
		};
		B9BAF073261CE0FF005CE25B /* Frameworks */ = {
			isa = PBXFrameworksBuildPhase;
			buildActionMask = 2147483647;
			files = (
				7AFA0318F3EABA4646ACBB4B /* Pods_Apply_Stefanini_RaizenTests.framework in Frameworks */,
			);
			runOnlyForDeploymentPostprocessing = 0;
		};
/* End PBXFrameworksBuildPhase section */

/* Begin PBXGroup section */
		557D43846EFED9D77A0BD9EC /* Pods */ = {
			isa = PBXGroup;
			children = (
				491FFFCD2E149B8C5F288084 /* Pods-Apply-Stefanini_Raizen.debug.xcconfig */,
				6C0DFAE35CE27B56DA08FAAF /* Pods-Apply-Stefanini_Raizen.release.xcconfig */,
				1724388EEA5E81710AFAE941 /* Pods-Apply-Stefanini_Raizen-Apply-Stefanini_RaizenUITests.debug.xcconfig */,
				04CA4360826DA6E2D46FFD7D /* Pods-Apply-Stefanini_Raizen-Apply-Stefanini_RaizenUITests.release.xcconfig */,
				D46FFD73FD7BAAFBD5935C50 /* Pods-Apply-Stefanini_RaizenTests.debug.xcconfig */,
				55875CA14153D4310E535420 /* Pods-Apply-Stefanini_RaizenTests.release.xcconfig */,
			);
			path = Pods;
			sourceTree = "<group>";
		};
		7416354BA6FD3249ADAFC2F7 /* Frameworks */ = {
			isa = PBXGroup;
			children = (
				6C5FF58F191B737662FC9A4D /* Pods_Apply_Stefanini_Raizen.framework */,
				67C72EE5D0D70AA00041ABF7 /* Pods_Apply_Stefanini_Raizen_Apply_Stefanini_RaizenUITests.framework */,
				62DB3AAADD26EACD114DEA91 /* Pods_Apply_Stefanini_RaizenTests.framework */,
			);
			name = Frameworks;
			sourceTree = "<group>";
		};
		B96F6351261D1A2200E845BF /* View */ = {
			isa = PBXGroup;
			children = (
				B9BAF067261CE0FA005CE25B /* ContentView.swift */,
				B932A48E261D46B100ED8055 /* ImageView.swift */,
				B932A495261D50BA00ED8055 /* DetailsImageView.swift */,
			);
			path = View;
			sourceTree = "<group>";
		};
		B96F635A261D1A6600E845BF /* Model */ = {
			isa = PBXGroup;
			children = (
				B9F80D6D261D2CF100DED958 /* PostsData.swift */,
				B99E1474261D34800098B740 /* Image.swift */,
				B925493D261D3A6900B4349F /* ImagesRepository.swift */,
			);
			path = Model;
			sourceTree = "<group>";
		};
		B96F6364261D1DAC00E845BF /* SupportingFiles */ = {
			isa = PBXGroup;
			children = (
				B9BAF063261CE0FA005CE25B /* AppDelegate.swift */,
				B9BAF065261CE0FA005CE25B /* SceneDelegate.swift */,
				B9BAF069261CE0FF005CE25B /* Assets.xcassets */,
				B9BAF06E261CE0FF005CE25B /* LaunchScreen.storyboard */,
			);
			path = SupportingFiles;
			sourceTree = "<group>";
		};
		B96F636A261D1DE900E845BF /* Workers */ = {
			isa = PBXGroup;
			children = (
				B96F6365261D1DE100E845BF /* FetchingData.swift */,
			);
			path = Workers;
			sourceTree = "<group>";
		};
		B9BAF057261CE0FA005CE25B = {
			isa = PBXGroup;
			children = (
				B9BAF062261CE0FA005CE25B /* Apply-Stefanini_Raizen */,
				B9BAF079261CE0FF005CE25B /* Apply-Stefanini_RaizenTests */,
				B9BAF061261CE0FA005CE25B /* Products */,
				557D43846EFED9D77A0BD9EC /* Pods */,
				7416354BA6FD3249ADAFC2F7 /* Frameworks */,
			);
			sourceTree = "<group>";
		};
		B9BAF061261CE0FA005CE25B /* Products */ = {
			isa = PBXGroup;
			children = (
				B9BAF060261CE0FA005CE25B /* Apply-Stefanini_Raizen.app */,
				B9BAF076261CE0FF005CE25B /* Apply-Stefanini_RaizenTests.xctest */,
			);
			name = Products;
			sourceTree = "<group>";
		};
		B9BAF062261CE0FA005CE25B /* Apply-Stefanini_Raizen */ = {
			isa = PBXGroup;
			children = (
				B96F636A261D1DE900E845BF /* Workers */,
				B96F6364261D1DAC00E845BF /* SupportingFiles */,
				B96F6351261D1A2200E845BF /* View */,
				B96F635A261D1A6600E845BF /* Model */,
				B9BAF071261CE0FF005CE25B /* Info.plist */,
				B9BAF06B261CE0FF005CE25B /* Preview Content */,
			);
			path = "Apply-Stefanini_Raizen";
			sourceTree = "<group>";
		};
		B9BAF06B261CE0FF005CE25B /* Preview Content */ = {
			isa = PBXGroup;
			children = (
				B9BAF06C261CE0FF005CE25B /* Preview Assets.xcassets */,
			);
			path = "Preview Content";
			sourceTree = "<group>";
		};
		B9BAF079261CE0FF005CE25B /* Apply-Stefanini_RaizenTests */ = {
			isa = PBXGroup;
			children = (
				B9BAF07A261CE0FF005CE25B /* Apply_Stefanini_RaizenTests.swift */,
				B9BAF07C261CE0FF005CE25B /* Info.plist */,
			);
			path = "Apply-Stefanini_RaizenTests";
			sourceTree = "<group>";
		};
/* End PBXGroup section */

/* Begin PBXNativeTarget section */
		B9BAF05F261CE0FA005CE25B /* Apply-Stefanini_Raizen */ = {
			isa = PBXNativeTarget;
			buildConfigurationList = B9BAF08A261CE0FF005CE25B /* Build configuration list for PBXNativeTarget "Apply-Stefanini_Raizen" */;
			buildPhases = (
				A2A2747C78DFCAE9EAE7E658 /* [CP] Check Pods Manifest.lock */,
				B9BAF05C261CE0FA005CE25B /* Sources */,
				B9BAF05D261CE0FA005CE25B /* Frameworks */,
				B9BAF05E261CE0FA005CE25B /* Resources */,
				17AC690D633ACCB2A08963BE /* [CP] Embed Pods Frameworks */,
			);
			buildRules = (
			);
			dependencies = (
			);
			name = "Apply-Stefanini_Raizen";
			productName = "Apply-Stefanini_Raizen";
			productReference = B9BAF060261CE0FA005CE25B /* Apply-Stefanini_Raizen.app */;
			productType = "com.apple.product-type.application";
		};
		B9BAF075261CE0FF005CE25B /* Apply-Stefanini_RaizenTests */ = {
			isa = PBXNativeTarget;
			buildConfigurationList = B9BAF08D261CE0FF005CE25B /* Build configuration list for PBXNativeTarget "Apply-Stefanini_RaizenTests" */;
			buildPhases = (
				CAA406CC508A0E48BA39E887 /* [CP] Check Pods Manifest.lock */,
				B9BAF072261CE0FF005CE25B /* Sources */,
				B9BAF073261CE0FF005CE25B /* Frameworks */,
				B9BAF074261CE0FF005CE25B /* Resources */,
			);
			buildRules = (
			);
			dependencies = (
				B9BAF078261CE0FF005CE25B /* PBXTargetDependency */,
			);
			name = "Apply-Stefanini_RaizenTests";
			productName = "Apply-Stefanini_RaizenTests";
			productReference = B9BAF076261CE0FF005CE25B /* Apply-Stefanini_RaizenTests.xctest */;
			productType = "com.apple.product-type.bundle.unit-test";
		};
/* End PBXNativeTarget section */

/* Begin PBXProject section */
		B9BAF058261CE0FA005CE25B /* Project object */ = {
			isa = PBXProject;
			attributes = {
				LastSwiftUpdateCheck = 1240;
				LastUpgradeCheck = 1240;
				TargetAttributes = {
					B9BAF05F261CE0FA005CE25B = {
						CreatedOnToolsVersion = 12.4;
					};
					B9BAF075261CE0FF005CE25B = {
						CreatedOnToolsVersion = 12.4;
						TestTargetID = B9BAF05F261CE0FA005CE25B;
					};
				};
			};
			buildConfigurationList = B9BAF05B261CE0FA005CE25B /* Build configuration list for PBXProject "Apply-Stefanini_Raizen" */;
			compatibilityVersion = "Xcode 9.3";
			developmentRegion = en;
			hasScannedForEncodings = 0;
			knownRegions = (
				en,
				Base,
			);
			mainGroup = B9BAF057261CE0FA005CE25B;
			productRefGroup = B9BAF061261CE0FA005CE25B /* Products */;
			projectDirPath = "";
			projectRoot = "";
			targets = (
				B9BAF05F261CE0FA005CE25B /* Apply-Stefanini_Raizen */,
				B9BAF075261CE0FF005CE25B /* Apply-Stefanini_RaizenTests */,
			);
		};
/* End PBXProject section */

/* Begin PBXResourcesBuildPhase section */
		B9BAF05E261CE0FA005CE25B /* Resources */ = {
			isa = PBXResourcesBuildPhase;
			buildActionMask = 2147483647;
			files = (
				B9BAF070261CE0FF005CE25B /* LaunchScreen.storyboard in Resources */,
				B9BAF06D261CE0FF005CE25B /* Preview Assets.xcassets in Resources */,
				B9BAF06A261CE0FF005CE25B /* Assets.xcassets in Resources */,
			);
			runOnlyForDeploymentPostprocessing = 0;
		};
		B9BAF074261CE0FF005CE25B /* Resources */ = {
			isa = PBXResourcesBuildPhase;
			buildActionMask = 2147483647;
			files = (
			);
			runOnlyForDeploymentPostprocessing = 0;
		};
/* End PBXResourcesBuildPhase section */

/* Begin PBXShellScriptBuildPhase section */
		17AC690D633ACCB2A08963BE /* [CP] Embed Pods Frameworks */ = {
			isa = PBXShellScriptBuildPhase;
			buildActionMask = 2147483647;
			files = (
			);
			inputFileListPaths = (
				"${PODS_ROOT}/Target Support Files/Pods-Apply-Stefanini_Raizen/Pods-Apply-Stefanini_Raizen-frameworks-${CONFIGURATION}-input-files.xcfilelist",
			);
			name = "[CP] Embed Pods Frameworks";
			outputFileListPaths = (
				"${PODS_ROOT}/Target Support Files/Pods-Apply-Stefanini_Raizen/Pods-Apply-Stefanini_Raizen-frameworks-${CONFIGURATION}-output-files.xcfilelist",
			);
			runOnlyForDeploymentPostprocessing = 0;
			shellPath = /bin/sh;
			shellScript = "\"${PODS_ROOT}/Target Support Files/Pods-Apply-Stefanini_Raizen/Pods-Apply-Stefanini_Raizen-frameworks.sh\"\n";
			showEnvVarsInLog = 0;
		};
		A2A2747C78DFCAE9EAE7E658 /* [CP] Check Pods Manifest.lock */ = {
			isa = PBXShellScriptBuildPhase;
			buildActionMask = 2147483647;
			files = (
			);
			inputFileListPaths = (
			);
			inputPaths = (
				"${PODS_PODFILE_DIR_PATH}/Podfile.lock",
				"${PODS_ROOT}/Manifest.lock",
			);
			name = "[CP] Check Pods Manifest.lock";
			outputFileListPaths = (
			);
			outputPaths = (
				"$(DERIVED_FILE_DIR)/Pods-Apply-Stefanini_Raizen-checkManifestLockResult.txt",
			);
			runOnlyForDeploymentPostprocessing = 0;
			shellPath = /bin/sh;
			shellScript = "diff \"${PODS_PODFILE_DIR_PATH}/Podfile.lock\" \"${PODS_ROOT}/Manifest.lock\" > /dev/null\nif [ $? != 0 ] ; then\n    # print error to STDERR\n    echo \"error: The sandbox is not in sync with the Podfile.lock. Run 'pod install' or update your CocoaPods installation.\" >&2\n    exit 1\nfi\n# This output is used by Xcode 'outputs' to avoid re-running this script phase.\necho \"SUCCESS\" > \"${SCRIPT_OUTPUT_FILE_0}\"\n";
			showEnvVarsInLog = 0;
		};
		CAA406CC508A0E48BA39E887 /* [CP] Check Pods Manifest.lock */ = {
			isa = PBXShellScriptBuildPhase;
			buildActionMask = 2147483647;
			files = (
			);
			inputFileListPaths = (
			);
			inputPaths = (
				"${PODS_PODFILE_DIR_PATH}/Podfile.lock",
				"${PODS_ROOT}/Manifest.lock",
			);
			name = "[CP] Check Pods Manifest.lock";
			outputFileListPaths = (
			);
			outputPaths = (
				"$(DERIVED_FILE_DIR)/Pods-Apply-Stefanini_RaizenTests-checkManifestLockResult.txt",
			);
			runOnlyForDeploymentPostprocessing = 0;
			shellPath = /bin/sh;
			shellScript = "diff \"${PODS_PODFILE_DIR_PATH}/Podfile.lock\" \"${PODS_ROOT}/Manifest.lock\" > /dev/null\nif [ $? != 0 ] ; then\n    # print error to STDERR\n    echo \"error: The sandbox is not in sync with the Podfile.lock. Run 'pod install' or update your CocoaPods installation.\" >&2\n    exit 1\nfi\n# This output is used by Xcode 'outputs' to avoid re-running this script phase.\necho \"SUCCESS\" > \"${SCRIPT_OUTPUT_FILE_0}\"\n";
			showEnvVarsInLog = 0;
		};
/* End PBXShellScriptBuildPhase section */

/* Begin PBXSourcesBuildPhase section */
		B9BAF05C261CE0FA005CE25B /* Sources */ = {
			isa = PBXSourcesBuildPhase;
			buildActionMask = 2147483647;
			files = (
				B932A48F261D46B100ED8055 /* ImageView.swift in Sources */,
				B9BAF064261CE0FA005CE25B /* AppDelegate.swift in Sources */,
				B932A496261D50BA00ED8055 /* DetailsImageView.swift in Sources */,
				B9BAF066261CE0FA005CE25B /* SceneDelegate.swift in Sources */,
				B925493E261D3A6900B4349F /* ImagesRepository.swift in Sources */,
				B9BAF068261CE0FA005CE25B /* ContentView.swift in Sources */,
				B96F6366261D1DE100E845BF /* FetchingData.swift in Sources */,
				B9F80D6E261D2CF100DED958 /* PostsData.swift in Sources */,
				B99E1475261D34800098B740 /* Image.swift in Sources */,
			);
			runOnlyForDeploymentPostprocessing = 0;
		};
		B9BAF072261CE0FF005CE25B /* Sources */ = {
			isa = PBXSourcesBuildPhase;
			buildActionMask = 2147483647;
			files = (
				B9BAF07B261CE0FF005CE25B /* Apply_Stefanini_RaizenTests.swift in Sources */,
			);
			runOnlyForDeploymentPostprocessing = 0;
		};
/* End PBXSourcesBuildPhase section */

/* Begin PBXTargetDependency section */
		B9BAF078261CE0FF005CE25B /* PBXTargetDependency */ = {
			isa = PBXTargetDependency;
			target = B9BAF05F261CE0FA005CE25B /* Apply-Stefanini_Raizen */;
			targetProxy = B9BAF077261CE0FF005CE25B /* PBXContainerItemProxy */;
		};
/* End PBXTargetDependency section */

/* Begin PBXVariantGroup section */
		B9BAF06E261CE0FF005CE25B /* LaunchScreen.storyboard */ = {
			isa = PBXVariantGroup;
			children = (
				B9BAF06F261CE0FF005CE25B /* Base */,
			);
			name = LaunchScreen.storyboard;
			sourceTree = "<group>";
		};
/* End PBXVariantGroup section */

/* Begin XCBuildConfiguration section */
		B9BAF088261CE0FF005CE25B /* Debug */ = {
			isa = XCBuildConfiguration;
			buildSettings = {
				ALWAYS_SEARCH_USER_PATHS = NO;
				CLANG_ANALYZER_NONNULL = YES;
				CLANG_ANALYZER_NUMBER_OBJECT_CONVERSION = YES_AGGRESSIVE;
				CLANG_CXX_LANGUAGE_STANDARD = "gnu++14";
				CLANG_CXX_LIBRARY = "libc++";
				CLANG_ENABLE_MODULES = YES;
				CLANG_ENABLE_OBJC_ARC = YES;
				CLANG_ENABLE_OBJC_WEAK = YES;
				CLANG_WARN_BLOCK_CAPTURE_AUTORELEASING = YES;
				CLANG_WARN_BOOL_CONVERSION = YES;
				CLANG_WARN_COMMA = YES;
				CLANG_WARN_CONSTANT_CONVERSION = YES;
				CLANG_WARN_DEPRECATED_OBJC_IMPLEMENTATIONS = YES;
				CLANG_WARN_DIRECT_OBJC_ISA_USAGE = YES_ERROR;
				CLANG_WARN_DOCUMENTATION_COMMENTS = YES;
				CLANG_WARN_EMPTY_BODY = YES;
				CLANG_WARN_ENUM_CONVERSION = YES;
				CLANG_WARN_INFINITE_RECURSION = YES;
				CLANG_WARN_INT_CONVERSION = YES;
				CLANG_WARN_NON_LITERAL_NULL_CONVERSION = YES;
				CLANG_WARN_OBJC_IMPLICIT_RETAIN_SELF = YES;
				CLANG_WARN_OBJC_LITERAL_CONVERSION = YES;
				CLANG_WARN_OBJC_ROOT_CLASS = YES_ERROR;
				CLANG_WARN_QUOTED_INCLUDE_IN_FRAMEWORK_HEADER = YES;
				CLANG_WARN_RANGE_LOOP_ANALYSIS = YES;
				CLANG_WARN_STRICT_PROTOTYPES = YES;
				CLANG_WARN_SUSPICIOUS_MOVE = YES;
				CLANG_WARN_UNGUARDED_AVAILABILITY = YES_AGGRESSIVE;
				CLANG_WARN_UNREACHABLE_CODE = YES;
				CLANG_WARN__DUPLICATE_METHOD_MATCH = YES;
				COPY_PHASE_STRIP = NO;
				DEBUG_INFORMATION_FORMAT = dwarf;
				ENABLE_STRICT_OBJC_MSGSEND = YES;
				ENABLE_TESTABILITY = YES;
				GCC_C_LANGUAGE_STANDARD = gnu11;
				GCC_DYNAMIC_NO_PIC = NO;
				GCC_NO_COMMON_BLOCKS = YES;
				GCC_OPTIMIZATION_LEVEL = 0;
				GCC_PREPROCESSOR_DEFINITIONS = (
					"DEBUG=1",
					"$(inherited)",
				);
				GCC_WARN_64_TO_32_BIT_CONVERSION = YES;
				GCC_WARN_ABOUT_RETURN_TYPE = YES_ERROR;
				GCC_WARN_UNDECLARED_SELECTOR = YES;
				GCC_WARN_UNINITIALIZED_AUTOS = YES_AGGRESSIVE;
				GCC_WARN_UNUSED_FUNCTION = YES;
				GCC_WARN_UNUSED_VARIABLE = YES;
				IPHONEOS_DEPLOYMENT_TARGET = 14.4;
				MTL_ENABLE_DEBUG_INFO = INCLUDE_SOURCE;
				MTL_FAST_MATH = YES;
				ONLY_ACTIVE_ARCH = YES;
				SDKROOT = iphoneos;
				SWIFT_ACTIVE_COMPILATION_CONDITIONS = DEBUG;
				SWIFT_OPTIMIZATION_LEVEL = "-Onone";
			};
			name = Debug;
		};
		B9BAF089261CE0FF005CE25B /* Release */ = {
			isa = XCBuildConfiguration;
			buildSettings = {
				ALWAYS_SEARCH_USER_PATHS = NO;
				CLANG_ANALYZER_NONNULL = YES;
				CLANG_ANALYZER_NUMBER_OBJECT_CONVERSION = YES_AGGRESSIVE;
				CLANG_CXX_LANGUAGE_STANDARD = "gnu++14";
				CLANG_CXX_LIBRARY = "libc++";
				CLANG_ENABLE_MODULES = YES;
				CLANG_ENABLE_OBJC_ARC = YES;
				CLANG_ENABLE_OBJC_WEAK = YES;
				CLANG_WARN_BLOCK_CAPTURE_AUTORELEASING = YES;
				CLANG_WARN_BOOL_CONVERSION = YES;
				CLANG_WARN_COMMA = YES;
				CLANG_WARN_CONSTANT_CONVERSION = YES;
				CLANG_WARN_DEPRECATED_OBJC_IMPLEMENTATIONS = YES;
				CLANG_WARN_DIRECT_OBJC_ISA_USAGE = YES_ERROR;
				CLANG_WARN_DOCUMENTATION_COMMENTS = YES;
				CLANG_WARN_EMPTY_BODY = YES;
				CLANG_WARN_ENUM_CONVERSION = YES;
				CLANG_WARN_INFINITE_RECURSION = YES;
				CLANG_WARN_INT_CONVERSION = YES;
				CLANG_WARN_NON_LITERAL_NULL_CONVERSION = YES;
				CLANG_WARN_OBJC_IMPLICIT_RETAIN_SELF = YES;
				CLANG_WARN_OBJC_LITERAL_CONVERSION = YES;
				CLANG_WARN_OBJC_ROOT_CLASS = YES_ERROR;
				CLANG_WARN_QUOTED_INCLUDE_IN_FRAMEWORK_HEADER = YES;
				CLANG_WARN_RANGE_LOOP_ANALYSIS = YES;
				CLANG_WARN_STRICT_PROTOTYPES = YES;
				CLANG_WARN_SUSPICIOUS_MOVE = YES;
				CLANG_WARN_UNGUARDED_AVAILABILITY = YES_AGGRESSIVE;
				CLANG_WARN_UNREACHABLE_CODE = YES;
				CLANG_WARN__DUPLICATE_METHOD_MATCH = YES;
				COPY_PHASE_STRIP = NO;
				DEBUG_INFORMATION_FORMAT = "dwarf-with-dsym";
				ENABLE_NS_ASSERTIONS = NO;
				ENABLE_STRICT_OBJC_MSGSEND = YES;
				GCC_C_LANGUAGE_STANDARD = gnu11;
				GCC_NO_COMMON_BLOCKS = YES;
				GCC_WARN_64_TO_32_BIT_CONVERSION = YES;
				GCC_WARN_ABOUT_RETURN_TYPE = YES_ERROR;
				GCC_WARN_UNDECLARED_SELECTOR = YES;
				GCC_WARN_UNINITIALIZED_AUTOS = YES_AGGRESSIVE;
				GCC_WARN_UNUSED_FUNCTION = YES;
				GCC_WARN_UNUSED_VARIABLE = YES;
				IPHONEOS_DEPLOYMENT_TARGET = 14.4;
				MTL_ENABLE_DEBUG_INFO = NO;
				MTL_FAST_MATH = YES;
				SDKROOT = iphoneos;
				SWIFT_COMPILATION_MODE = wholemodule;
				SWIFT_OPTIMIZATION_LEVEL = "-O";
				VALIDATE_PRODUCT = YES;
			};
			name = Release;
		};
		B9BAF08B261CE0FF005CE25B /* Debug */ = {
			isa = XCBuildConfiguration;
			baseConfigurationReference = 491FFFCD2E149B8C5F288084 /* Pods-Apply-Stefanini_Raizen.debug.xcconfig */;
			buildSettings = {
				ASSETCATALOG_COMPILER_APPICON_NAME = AppIcon;
				ASSETCATALOG_COMPILER_GLOBAL_ACCENT_COLOR_NAME = AccentColor;
				CODE_SIGN_STYLE = Automatic;
				DEVELOPMENT_ASSET_PATHS = "\"Apply-Stefanini_Raizen/Preview Content\"";
				DEVELOPMENT_TEAM = 2D9YSKR59P;
				ENABLE_PREVIEWS = YES;
				INFOPLIST_FILE = "Apply-Stefanini_Raizen/Info.plist";
				LD_RUNPATH_SEARCH_PATHS = (
					"$(inherited)",
					"@executable_path/Frameworks",
				);
				PRODUCT_BUNDLE_IDENTIFIER = "Adriano-Rodrigues-Vieira.Apply-Stefanini-Raizen";
				PRODUCT_NAME = "$(TARGET_NAME)";
				SWIFT_VERSION = 5.0;
				TARGETED_DEVICE_FAMILY = "1,2";
			};
			name = Debug;
		};
		B9BAF08C261CE0FF005CE25B /* Release */ = {
			isa = XCBuildConfiguration;
			baseConfigurationReference = 6C0DFAE35CE27B56DA08FAAF /* Pods-Apply-Stefanini_Raizen.release.xcconfig */;
			buildSettings = {
				ASSETCATALOG_COMPILER_APPICON_NAME = AppIcon;
				ASSETCATALOG_COMPILER_GLOBAL_ACCENT_COLOR_NAME = AccentColor;
				CODE_SIGN_STYLE = Automatic;
				DEVELOPMENT_ASSET_PATHS = "\"Apply-Stefanini_Raizen/Preview Content\"";
				DEVELOPMENT_TEAM = 2D9YSKR59P;
				ENABLE_PREVIEWS = YES;
				INFOPLIST_FILE = "Apply-Stefanini_Raizen/Info.plist";
				LD_RUNPATH_SEARCH_PATHS = (
					"$(inherited)",
					"@executable_path/Frameworks",
				);
				PRODUCT_BUNDLE_IDENTIFIER = "Adriano-Rodrigues-Vieira.Apply-Stefanini-Raizen";
				PRODUCT_NAME = "$(TARGET_NAME)";
				SWIFT_VERSION = 5.0;
				TARGETED_DEVICE_FAMILY = "1,2";
			};
			name = Release;
		};
		B9BAF08E261CE0FF005CE25B /* Debug */ = {
			isa = XCBuildConfiguration;
			baseConfigurationReference = D46FFD73FD7BAAFBD5935C50 /* Pods-Apply-Stefanini_RaizenTests.debug.xcconfig */;
			buildSettings = {
				ALWAYS_EMBED_SWIFT_STANDARD_LIBRARIES = YES;
				BUNDLE_LOADER = "$(TEST_HOST)";
				CODE_SIGN_STYLE = Automatic;
				DEVELOPMENT_TEAM = 2D9YSKR59P;
				INFOPLIST_FILE = "Apply-Stefanini_RaizenTests/Info.plist";
				IPHONEOS_DEPLOYMENT_TARGET = 14.4;
				LD_RUNPATH_SEARCH_PATHS = (
					"$(inherited)",
					"@executable_path/Frameworks",
					"@loader_path/Frameworks",
				);
				PRODUCT_BUNDLE_IDENTIFIER = "Adriano-Rodrigues-Vieira.Apply-Stefanini-RaizenTests";
				PRODUCT_NAME = "$(TARGET_NAME)";
				SWIFT_VERSION = 5.0;
				TARGETED_DEVICE_FAMILY = "1,2";
				TEST_HOST = "$(BUILT_PRODUCTS_DIR)/Apply-Stefanini_Raizen.app/Apply-Stefanini_Raizen";
			};
			name = Debug;
		};
		B9BAF08F261CE0FF005CE25B /* Release */ = {
			isa = XCBuildConfiguration;
			baseConfigurationReference = 55875CA14153D4310E535420 /* Pods-Apply-Stefanini_RaizenTests.release.xcconfig */;
			buildSettings = {
				ALWAYS_EMBED_SWIFT_STANDARD_LIBRARIES = YES;
				BUNDLE_LOADER = "$(TEST_HOST)";
				CODE_SIGN_STYLE = Automatic;
				DEVELOPMENT_TEAM = 2D9YSKR59P;
				INFOPLIST_FILE = "Apply-Stefanini_RaizenTests/Info.plist";
				IPHONEOS_DEPLOYMENT_TARGET = 14.4;
				LD_RUNPATH_SEARCH_PATHS = (
					"$(inherited)",
					"@executable_path/Frameworks",
					"@loader_path/Frameworks",
				);
				PRODUCT_BUNDLE_IDENTIFIER = "Adriano-Rodrigues-Vieira.Apply-Stefanini-RaizenTests";
				PRODUCT_NAME = "$(TARGET_NAME)";
				SWIFT_VERSION = 5.0;
				TARGETED_DEVICE_FAMILY = "1,2";
				TEST_HOST = "$(BUILT_PRODUCTS_DIR)/Apply-Stefanini_Raizen.app/Apply-Stefanini_Raizen";
			};
			name = Release;
		};
/* End XCBuildConfiguration section */

/* Begin XCConfigurationList section */
		B9BAF05B261CE0FA005CE25B /* Build configuration list for PBXProject "Apply-Stefanini_Raizen" */ = {
			isa = XCConfigurationList;
			buildConfigurations = (
				B9BAF088261CE0FF005CE25B /* Debug */,
				B9BAF089261CE0FF005CE25B /* Release */,
			);
			defaultConfigurationIsVisible = 0;
			defaultConfigurationName = Release;
		};
		B9BAF08A261CE0FF005CE25B /* Build configuration list for PBXNativeTarget "Apply-Stefanini_Raizen" */ = {
			isa = XCConfigurationList;
			buildConfigurations = (
				B9BAF08B261CE0FF005CE25B /* Debug */,
				B9BAF08C261CE0FF005CE25B /* Release */,
			);
			defaultConfigurationIsVisible = 0;
			defaultConfigurationName = Release;
		};
		B9BAF08D261CE0FF005CE25B /* Build configuration list for PBXNativeTarget "Apply-Stefanini_RaizenTests" */ = {
			isa = XCConfigurationList;
			buildConfigurations = (
				B9BAF08E261CE0FF005CE25B /* Debug */,
				B9BAF08F261CE0FF005CE25B /* Release */,
			);
			defaultConfigurationIsVisible = 0;
			defaultConfigurationName = Release;
		};
/* End XCConfigurationList section */
	};
	rootObject = B9BAF058261CE0FA005CE25B /* Project object */;
}
